# THIS IS AN AUTOGENERATED FILE. DO NOT EDIT THIS FILE DIRECTLY.
# yarn lockfile v1


js-tokens@^3.0.0:
  version "3.0.2"
  resolved "https://registry.yarnpkg.com/js-tokens/-/js-tokens-3.0.2.tgz#9866df395102130e38f7f996bceb65443209c25b"

loose-envify@^1.3.1:
  version "1.3.1"
  resolved "https://registry.yarnpkg.com/loose-envify/-/loose-envify-1.3.1.tgz#d1a8ad33fa9ce0e713d65fdd0ac8b748d478c848"
  dependencies:
    js-tokens "^3.0.0"

object-assign@^3.0.0:
  version "3.0.0"
  resolved "https://registry.yarnpkg.com/object-assign/-/object-assign-3.0.0.tgz#9bedd5ca0897949bca47e7ff408062d549f587f2"

object-assign@^4.1.1:
  version "4.1.1"
  resolved "https://registry.yarnpkg.com/object-assign/-/object-assign-4.1.1.tgz#2109adc7965887cfc05cbbd442cac8bfbb360863"

prop-types@^15.5.10, prop-types@^15.5.8:
  version "15.6.2"
  resolved "https://registry.yarnpkg.com/prop-types/-/prop-types-15.6.2.tgz#05d5ca77b4453e985d60fc7ff8c859094a497102"
  dependencies:
    loose-envify "^1.3.1"
    object-assign "^4.1.1"

react-autosuggest@^9.3.4:
  version "9.3.4"
  resolved "https://registry.yarnpkg.com/react-autosuggest/-/react-autosuggest-9.3.4.tgz#e47ff800081b2f7c678165bfb7cc84b07f462336"
  dependencies:
    prop-types "^15.5.10"
    react-autowhatever "^10.1.0"
    shallow-equal "^1.0.0"

react-autowhatever@^10.1.0:
  version "10.1.2"
  resolved "https://registry.yarnpkg.com/react-autowhatever/-/react-autowhatever-10.1.2.tgz#200ffc41373b2189e3f6140ac7bdb82363a79fd3"
  dependencies:
    prop-types "^15.5.8"
    react-themeable "^1.1.0"
    section-iterator "^2.0.0"

react-themeable@^1.1.0:
  version "1.1.0"
  resolved "https://registry.yarnpkg.com/react-themeable/-/react-themeable-1.1.0.tgz#7d4466dd9b2b5fa75058727825e9f152ba379a0e"
  dependencies:
    object-assign "^3.0.0"

section-iterator@^2.0.0:
  version "2.0.0"
  resolved "https://registry.yarnpkg.com/section-iterator/-/section-iterator-2.0.0.tgz#bf444d7afeeb94ad43c39ad2fb26151627ccba2a"

shallow-equal@^1.0.0:
  version "1.0.0"
  resolved "https://registry.yarnpkg.com/shallow-equal/-/shallow-equal-1.0.0.tgz#508d1838b3de590ab8757b011b25e430900945f7"
